
Microsoft Visual Studio Solution File, Format Version 12.00
# Visual Studio Version 17
VisualStudioVersion = 17.3.32929.385
MinimumVisualStudioVersion = 10.0.40219.1
Project("{FAE04EC0-301F-11D3-BF4B-00C04F79EFBC}") = "CbChallenge", "CbChallenge.csproj", "{CFD78DA4-D463-4D35-B5E6-4EFDE4A6EC23}"
EndProject
Global
	GlobalSection(SolutionConfigurationPlatforms) = preSolution
		Debug|Any CPU = Debug|Any CPU
		Release|Any CPU = Release|Any CPU
	EndGlobalSection
	GlobalSection(ProjectConfigurationPlatforms) = postSolution
		{CFD78DA4-D463-4D35-B5E6-4EFDE4A6EC23}.Debug|Any CPU.ActiveCfg = Debug|Any CPU
		{CFD78DA4-D463-4D35-B5E6-4EFDE4A6EC23}.Debug|Any CPU.Build.0 = Debug|Any CPU
		{CFD78DA4-D463-4D35-B5E6-4EFDE4A6EC23}.Release|Any CPU.ActiveCfg = Release|Any CPU
		{CFD78DA4-D463-4D35-B5E6-4EFDE4A6EC23}.Release|Any CPU.Build.0 = Release|Any CPU
	EndGlobalSection
	GlobalSection(SolutionProperties) = preSolution
		HideSolutionNode = FALSE
	EndGlobalSection
	GlobalSection(ExtensibilityGlobals) = postSolution
		SolutionGuid = {5AF62AB2-C91E-4662-8805-BE11218BFA2C}
	EndGlobalSection
EndGlobal
